
Microsoft Visual Studio Solution File, Format Version 12.00
# Visual Studio Version 17
VisualStudioVersion = 17.0.31903.59
MinimumVisualStudioVersion = 10.0.40219.1
Project("{2150E333-8FDC-42A3-9474-1A3956D46DE8}") = "src", "src", "{827E0CD3-B72D-47B6-A68D-7590B98EB39B}"
EndProject
Project("{2150E333-8FDC-42A3-9474-1A3956D46DE8}") = "Ai", "Ai", "{01DEFA9D-CB1A-AC1D-F37C-9C74159CC2D9}"
EndProject
Project("{FAE04EC0-301F-11D3-BF4B-00C04F79EFBC}") = "PPSolutionExplorer.Ai", "src\Ai\PPSolutionExplorer.Ai.csproj", "{D523AD24-44F9-4FE2-A63A-C2F15A7D0AD6}"
EndProject
Project("{FAE04EC0-301F-11D3-BF4B-00C04F79EFBC}") = "PPSolutionExplorer.Api", "src\Api\PPSolutionExplorer.Api.csproj", "{D640E91C-0E1D-40A2-8343-C0F3E8CB67AE}"
EndProject
Project("{FAE04EC0-301F-11D3-BF4B-00C04F79EFBC}") = "PPSolutionExplorer.Core", "src\Core\PPSolutionExplorer.Core.csproj", "{24C85164-44C4-488E-8D03-C3BB4E5F5B42}"
EndProject
Project("{FAE04EC0-301F-11D3-BF4B-00C04F79EFBC}") = "PPSolutionExplorer.Parsers", "src\Parsers\PPSolutionExplorer.Parsers.csproj", "{3D897FE0-31D6-44C9-96D5-CB9BE5062884}"
EndProject
Project("{FAE04EC0-301F-11D3-BF4B-00C04F79EFBC}") = "PPSolutionExplorer.Persistence", "src\Persistence\PPSolutionExplorer.Persistence.csproj", "{22389F71-4868-4BDD-A70C-09C75CD4D447}"
EndProject
Project("{FAE04EC0-301F-11D3-BF4B-00C04F79EFBC}") = "PPSolutionExplorer.Tests", "tests\PPSolutionExplorer.Tests\PPSolutionExplorer.Tests.csproj", "{7B5D648E-DC1C-4D85-8BDB-6B7B523F5AE0}"
EndProject
Global
	GlobalSection(SolutionConfigurationPlatforms) = preSolution
		Debug|Any CPU = Debug|Any CPU
		Debug|x64 = Debug|x64
		Debug|x86 = Debug|x86
		Release|Any CPU = Release|Any CPU
		Release|x64 = Release|x64
		Release|x86 = Release|x86
	EndGlobalSection
	GlobalSection(ProjectConfigurationPlatforms) = postSolution
		{D523AD24-44F9-4FE2-A63A-C2F15A7D0AD6}.Debug|Any CPU.ActiveCfg = Debug|Any CPU
		{D523AD24-44F9-4FE2-A63A-C2F15A7D0AD6}.Debug|Any CPU.Build.0 = Debug|Any CPU
		{D523AD24-44F9-4FE2-A63A-C2F15A7D0AD6}.Debug|x64.ActiveCfg = Debug|Any CPU
		{D523AD24-44F9-4FE2-A63A-C2F15A7D0AD6}.Debug|x64.Build.0 = Debug|Any CPU
		{D523AD24-44F9-4FE2-A63A-C2F15A7D0AD6}.Debug|x86.ActiveCfg = Debug|Any CPU
		{D523AD24-44F9-4FE2-A63A-C2F15A7D0AD6}.Debug|x86.Build.0 = Debug|Any CPU
		{D523AD24-44F9-4FE2-A63A-C2F15A7D0AD6}.Release|Any CPU.ActiveCfg = Release|Any CPU
		{D523AD24-44F9-4FE2-A63A-C2F15A7D0AD6}.Release|Any CPU.Build.0 = Release|Any CPU
		{D523AD24-44F9-4FE2-A63A-C2F15A7D0AD6}.Release|x64.ActiveCfg = Release|Any CPU
		{D523AD24-44F9-4FE2-A63A-C2F15A7D0AD6}.Release|x64.Build.0 = Release|Any CPU
		{D523AD24-44F9-4FE2-A63A-C2F15A7D0AD6}.Release|x86.ActiveCfg = Release|Any CPU
		{D523AD24-44F9-4FE2-A63A-C2F15A7D0AD6}.Release|x86.Build.0 = Release|Any CPU
		{D640E91C-0E1D-40A2-8343-C0F3E8CB67AE}.Debug|Any CPU.ActiveCfg = Debug|Any CPU
		{D640E91C-0E1D-40A2-8343-C0F3E8CB67AE}.Debug|Any CPU.Build.0 = Debug|Any CPU
		{D640E91C-0E1D-40A2-8343-C0F3E8CB67AE}.Debug|x64.ActiveCfg = Debug|Any CPU
		{D640E91C-0E1D-40A2-8343-C0F3E8CB67AE}.Debug|x64.Build.0 = Debug|Any CPU
		{D640E91C-0E1D-40A2-8343-C0F3E8CB67AE}.Debug|x86.ActiveCfg = Debug|Any CPU
		{D640E91C-0E1D-40A2-8343-C0F3E8CB67AE}.Debug|x86.Build.0 = Debug|Any CPU
		{D640E91C-0E1D-40A2-8343-C0F3E8CB67AE}.Release|Any CPU.ActiveCfg = Release|Any CPU
		{D640E91C-0E1D-40A2-8343-C0F3E8CB67AE}.Release|Any CPU.Build.0 = Release|Any CPU
		{D640E91C-0E1D-40A2-8343-C0F3E8CB67AE}.Release|x64.ActiveCfg = Release|Any CPU
		{D640E91C-0E1D-40A2-8343-C0F3E8CB67AE}.Release|x64.Build.0 = Release|Any CPU
		{D640E91C-0E1D-40A2-8343-C0F3E8CB67AE}.Release|x86.ActiveCfg = Release|Any CPU
		{D640E91C-0E1D-40A2-8343-C0F3E8CB67AE}.Release|x86.Build.0 = Release|Any CPU
		{24C85164-44C4-488E-8D03-C3BB4E5F5B42}.Debug|Any CPU.ActiveCfg = Debug|Any CPU
		{24C85164-44C4-488E-8D03-C3BB4E5F5B42}.Debug|Any CPU.Build.0 = Debug|Any CPU
		{24C85164-44C4-488E-8D03-C3BB4E5F5B42}.Debug|x64.ActiveCfg = Debug|Any CPU
		{24C85164-44C4-488E-8D03-C3BB4E5F5B42}.Debug|x64.Build.0 = Debug|Any CPU
		{24C85164-44C4-488E-8D03-C3BB4E5F5B42}.Debug|x86.ActiveCfg = Debug|Any CPU
		{24C85164-44C4-488E-8D03-C3BB4E5F5B42}.Debug|x86.Build.0 = Debug|Any CPU
		{24C85164-44C4-488E-8D03-C3BB4E5F5B42}.Release|Any CPU.ActiveCfg = Release|Any CPU
		{24C85164-44C4-488E-8D03-C3BB4E5F5B42}.Release|Any CPU.Build.0 = Release|Any CPU
		{24C85164-44C4-488E-8D03-C3BB4E5F5B42}.Release|x64.ActiveCfg = Release|Any CPU
		{24C85164-44C4-488E-8D03-C3BB4E5F5B42}.Release|x64.Build.0 = Release|Any CPU
		{24C85164-44C4-488E-8D03-C3BB4E5F5B42}.Release|x86.ActiveCfg = Release|Any CPU
		{24C85164-44C4-488E-8D03-C3BB4E5F5B42}.Release|x86.Build.0 = Release|Any CPU
		{3D897FE0-31D6-44C9-96D5-CB9BE5062884}.Debug|Any CPU.ActiveCfg = Debug|Any CPU
		{3D897FE0-31D6-44C9-96D5-CB9BE5062884}.Debug|Any CPU.Build.0 = Debug|Any CPU
		{3D897FE0-31D6-44C9-96D5-CB9BE5062884}.Debug|x64.ActiveCfg = Debug|Any CPU
		{3D897FE0-31D6-44C9-96D5-CB9BE5062884}.Debug|x64.Build.0 = Debug|Any CPU
		{3D897FE0-31D6-44C9-96D5-CB9BE5062884}.Debug|x86.ActiveCfg = Debug|Any CPU
		{3D897FE0-31D6-44C9-96D5-CB9BE5062884}.Debug|x86.Build.0 = Debug|Any CPU
		{3D897FE0-31D6-44C9-96D5-CB9BE5062884}.Release|Any CPU.ActiveCfg = Release|Any CPU
		{3D897FE0-31D6-44C9-96D5-CB9BE5062884}.Release|Any CPU.Build.0 = Release|Any CPU
		{3D897FE0-31D6-44C9-96D5-CB9BE5062884}.Release|x64.ActiveCfg = Release|Any CPU
		{3D897FE0-31D6-44C9-96D5-CB9BE5062884}.Release|x64.Build.0 = Release|Any CPU
		{3D897FE0-31D6-44C9-96D5-CB9BE5062884}.Release|x86.ActiveCfg = Release|Any CPU
		{3D897FE0-31D6-44C9-96D5-CB9BE5062884}.Release|x86.Build.0 = Release|Any CPU
		{22389F71-4868-4BDD-A70C-09C75CD4D447}.Debug|Any CPU.ActiveCfg = Debug|Any CPU
		{22389F71-4868-4BDD-A70C-09C75CD4D447}.Debug|Any CPU.Build.0 = Debug|Any CPU
		{22389F71-4868-4BDD-A70C-09C75CD4D447}.Debug|x64.ActiveCfg = Debug|Any CPU
		{22389F71-4868-4BDD-A70C-09C75CD4D447}.Debug|x64.Build.0 = Debug|Any CPU
		{22389F71-4868-4BDD-A70C-09C75CD4D447}.Debug|x86.ActiveCfg = Debug|Any CPU
		{22389F71-4868-4BDD-A70C-09C75CD4D447}.Debug|x86.Build.0 = Debug|Any CPU
		{22389F71-4868-4BDD-A70C-09C75CD4D447}.Release|Any CPU.ActiveCfg = Release|Any CPU
		{22389F71-4868-4BDD-A70C-09C75CD4D447}.Release|Any CPU.Build.0 = Release|Any CPU
		{22389F71-4868-4BDD-A70C-09C75CD4D447}.Release|x64.ActiveCfg = Release|Any CPU
		{22389F71-4868-4BDD-A70C-09C75CD4D447}.Release|x64.Build.0 = Release|Any CPU
		{22389F71-4868-4BDD-A70C-09C75CD4D447}.Release|x86.ActiveCfg = Release|Any CPU
		{22389F71-4868-4BDD-A70C-09C75CD4D447}.Release|x86.Build.0 = Release|Any CPU
		{7B5D648E-DC1C-4D85-8BDB-6B7B523F5AE0}.Debug|Any CPU.ActiveCfg = Debug|Any CPU
		{7B5D648E-DC1C-4D85-8BDB-6B7B523F5AE0}.Debug|Any CPU.Build.0 = Debug|Any CPU
		{7B5D648E-DC1C-4D85-8BDB-6B7B523F5AE0}.Debug|x64.ActiveCfg = Debug|Any CPU
		{7B5D648E-DC1C-4D85-8BDB-6B7B523F5AE0}.Debug|x64.Build.0 = Debug|Any CPU
		{7B5D648E-DC1C-4D85-8BDB-6B7B523F5AE0}.Debug|x86.ActiveCfg = Debug|Any CPU
		{7B5D648E-DC1C-4D85-8BDB-6B7B523F5AE0}.Debug|x86.Build.0 = Debug|Any CPU
		{7B5D648E-DC1C-4D85-8BDB-6B7B523F5AE0}.Release|Any CPU.ActiveCfg = Release|Any CPU
		{7B5D648E-DC1C-4D85-8BDB-6B7B523F5AE0}.Release|Any CPU.Build.0 = Release|Any CPU
		{7B5D648E-DC1C-4D85-8BDB-6B7B523F5AE0}.Release|x64.ActiveCfg = Release|Any CPU
		{7B5D648E-DC1C-4D85-8BDB-6B7B523F5AE0}.Release|x64.Build.0 = Release|Any CPU
		{7B5D648E-DC1C-4D85-8BDB-6B7B523F5AE0}.Release|x86.ActiveCfg = Release|Any CPU
		{7B5D648E-DC1C-4D85-8BDB-6B7B523F5AE0}.Release|x86.Build.0 = Release|Any CPU
	EndGlobalSection
	GlobalSection(SolutionProperties) = preSolution
		HideSolutionNode = FALSE
	EndGlobalSection
	GlobalSection(NestedProjects) = preSolution
		{01DEFA9D-CB1A-AC1D-F37C-9C74159CC2D9} = {827E0CD3-B72D-47B6-A68D-7590B98EB39B}
		{D523AD24-44F9-4FE2-A63A-C2F15A7D0AD6} = {01DEFA9D-CB1A-AC1D-F37C-9C74159CC2D9}
		{D640E91C-0E1D-40A2-8343-C0F3E8CB67AE} = {01DEFA9D-CB1A-AC1D-F37C-9C74159CC2D9}
		{24C85164-44C4-488E-8D03-C3BB4E5F5B42} = {01DEFA9D-CB1A-AC1D-F37C-9C74159CC2D9}
		{3D897FE0-31D6-44C9-96D5-CB9BE5062884} = {01DEFA9D-CB1A-AC1D-F37C-9C74159CC2D9}
		{22389F71-4868-4BDD-A70C-09C75CD4D447} = {01DEFA9D-CB1A-AC1D-F37C-9C74159CC2D9}
		{7B5D648E-DC1C-4D85-8BDB-6B7B523F5AE0} = {01DEFA9D-CB1A-AC1D-F37C-9C74159CC2D9}
	EndGlobalSection
EndGlobal
